
Microsoft Visual Studio Solution File, Format Version 12.00
# Visual Studio Version 17
VisualStudioVersion = 17.1.32421.90
MinimumVisualStudioVersion = 10.0.40219.1
Project("{9A19103F-16F7-4668-BE54-9A1E7A4F7556}") = "Org.Project.AzureFunctions", "Org.Project.AzureFunctions\Org.Project.AzureFunctions.csproj", "{75A9A813-FAA4-4FB2-A71A-0F24F22DAF03}"
EndProject
Global
	GlobalSection(SolutionConfigurationPlatforms) = preSolution
		Debug|Any CPU = Debug|Any CPU
		Release|Any CPU = Release|Any CPU
	EndGlobalSection
	GlobalSection(ProjectConfigurationPlatforms) = postSolution
		{75A9A813-FAA4-4FB2-A71A-0F24F22DAF03}.Debug|Any CPU.ActiveCfg = Debug|Any CPU
		{75A9A813-FAA4-4FB2-A71A-0F24F22DAF03}.Debug|Any CPU.Build.0 = Debug|Any CPU
		{75A9A813-FAA4-4FB2-A71A-0F24F22DAF03}.Release|Any CPU.ActiveCfg = Release|Any CPU
		{75A9A813-FAA4-4FB2-A71A-0F24F22DAF03}.Release|Any CPU.Build.0 = Release|Any CPU
		{88536163-044F-4B54-BC65-8F1C5836875D}.Debug|Any CPU.ActiveCfg = Debug|Any CPU
		{88536163-044F-4B54-BC65-8F1C5836875D}.Debug|Any CPU.Build.0 = Debug|Any CPU
		{88536163-044F-4B54-BC65-8F1C5836875D}.Release|Any CPU.ActiveCfg = Release|Any CPU
		{88536163-044F-4B54-BC65-8F1C5836875D}.Release|Any CPU.Build.0 = Release|Any CPU
		{A07B3AA1-C1C3-4031-AE05-4E3868D8D7E8}.Debug|Any CPU.ActiveCfg = Debug|Any CPU
		{A07B3AA1-C1C3-4031-AE05-4E3868D8D7E8}.Debug|Any CPU.Build.0 = Debug|Any CPU
		{A07B3AA1-C1C3-4031-AE05-4E3868D8D7E8}.Release|Any CPU.ActiveCfg = Release|Any CPU
		{A07B3AA1-C1C3-4031-AE05-4E3868D8D7E8}.Release|Any CPU.Build.0 = Release|Any CPU
	EndGlobalSection
	GlobalSection(SolutionProperties) = preSolution
		HideSolutionNode = FALSE
	EndGlobalSection
	GlobalSection(ExtensibilityGlobals) = postSolution
		SolutionGuid = {0FB311A3-3316-4666-9F28-52615C5FDD07}
	EndGlobalSection
EndGlobal
